
Microsoft Visual Studio Solution File, Format Version 12.00
# Visual Studio 15
VisualStudioVersion = 15.0.27428.2037
MinimumVisualStudioVersion = 10.0.40219.1
Project("{E24C65DC-7377-472B-9ABA-BC803B73C61A}") = "Formative00", "Formative00\", "{A5EC90C1-6F7C-4C62-9C64-F3A39CD7195B}"
	ProjectSection(WebsiteProperties) = preProject
		TargetFrameworkMoniker = ".NETFramework,Version%3Dv4.6.1"
		Debug.AspNetCompiler.VirtualPath = "/localhost_61525"
		Debug.AspNetCompiler.PhysicalPath = "Formative00\"
		Debug.AspNetCompiler.TargetPath = "PrecompiledWeb\localhost_61525\"
		Debug.AspNetCompiler.Updateable = "true"
		Debug.AspNetCompiler.ForceOverwrite = "true"
		Debug.AspNetCompiler.FixedNames = "false"
		Debug.AspNetCompiler.Debug = "True"
		Release.AspNetCompiler.VirtualPath = "/localhost_61525"
		Release.AspNetCompiler.PhysicalPath = "Formative00\"
		Release.AspNetCompiler.TargetPath = "PrecompiledWeb\localhost_61525\"
		Release.AspNetCompiler.Updateable = "true"
		Release.AspNetCompiler.ForceOverwrite = "true"
		Release.AspNetCompiler.FixedNames = "false"
		Release.AspNetCompiler.Debug = "False"
		VWDPort = "61525"
		SlnRelativePath = "Formative00\"
		DefaultWebSiteLanguage = "Visual C#"
	EndProjectSection
EndProject
Global
	GlobalSection(SolutionConfigurationPlatforms) = preSolution
		Debug|Any CPU = Debug|Any CPU
	EndGlobalSection
	GlobalSection(ProjectConfigurationPlatforms) = postSolution
		{A5EC90C1-6F7C-4C62-9C64-F3A39CD7195B}.Debug|Any CPU.ActiveCfg = Debug|Any CPU
		{A5EC90C1-6F7C-4C62-9C64-F3A39CD7195B}.Debug|Any CPU.Build.0 = Debug|Any CPU
	EndGlobalSection
	GlobalSection(SolutionProperties) = preSolution
		HideSolutionNode = FALSE
	EndGlobalSection
	GlobalSection(ExtensibilityGlobals) = postSolution
		SolutionGuid = {64089EBB-AE24-4BF9-BCDB-E079BC6547A1}
	EndGlobalSection
EndGlobal
